{
    "_readme": [
        "This file locks the dependencies of your project to a known state",
        "Read more about it at https://getcomposer.org/doc/01-basic-usage.md#installing-dependencies",
        "This file is @generated automatically"
    ],
    "content-hash": "45a8586d23e83dc429a60f58a16e10c1",
    "packages": [
        {
            "name": "bluerhinos/phpmqtt",
            "version": "dev-master",
            "source": {
                "type": "git",
                "url": "https://github.com/bluerhinos/phpMQTT.git",
                "reference": "fe4b6b2fe3d1b651fe1456e147ad4f044fa70603"
            },
            "dist": {
                "type": "zip",
                "url": "https://api.github.com/repos/bluerhinos/phpMQTT/zipball/fe4b6b2fe3d1b651fe1456e147ad4f044fa70603",
                "reference": "fe4b6b2fe3d1b651fe1456e147ad4f044fa70603",
                "shasum": "",
                "mirrors": [
                    {
                        "url": "https://mirrors.aliyun.com/composer/dists/%package%/%reference%.%type%",
                        "preferred": true
                    }
                ]
            },
            "require": {
                "php": ">=7.2"
            },
            "default-branch": true,
            "type": "library",
            "autoload": {
                "psr-4": {
                    "Bluerhinos\\": "./"
                }
            },
            "notification-url": "https://packagist.org/downloads/",
            "license": [
                "BSD"
            ],
            "authors": [
                {
                    "name": "Andrew Milsted",
                    "email": "andrew@bluerhinos.co.uk"
                }
            ],
            "description": "Simple MQTT Class",
            "support": {
                "issues": "https://github.com/bluerhinos/phpMQTT/issues",
                "source": "https://github.com/bluerhinos/phpMQTT/tree/1.0.1"
            },
            "time": "2021-08-21T18:25:12+00:00"
        },
        {
            "name": "myclabs/php-enum",
            "version": "1.8.3",
            "source": {
                "type": "git",
                "url": "https://github.com/myclabs/php-enum.git",
                "reference": "b942d263c641ddb5190929ff840c68f78713e937"
            },
            "dist": {
                "type": "zip",
                "url": "https://api.github.com/repos/myclabs/php-enum/zipball/b942d263c641ddb5190929ff840c68f78713e937",
                "reference": "b942d263c641ddb5190929ff840c68f78713e937",
                "shasum": "",
                "mirrors": [
                    {
                        "url": "https://mirrors.aliyun.com/composer/dists/%package%/%reference%.%type%",
                        "preferred": true
                    }
                ]
            },
            "require": {
                "ext-json": "*",
                "php": "^7.3 || ^8.0"
            },
            "require-dev": {
                "phpunit/phpunit": "^9.5",
                "squizlabs/php_codesniffer": "1.*",
                "vimeo/psalm": "^4.6.2"
            },
            "type": "library",
            "autoload": {
                "psr-4": {
                    "MyCLabs\\Enum\\": "src/"
                }
            },
            "notification-url": "https://packagist.org/downloads/",
            "license": [
                "MIT"
            ],
            "authors": [
                {
                    "name": "PHP Enum contributors",
                    "homepage": "https://github.com/myclabs/php-enum/graphs/contributors"
                }
            ],
            "description": "PHP Enum implementation",
            "homepage": "http://github.com/myclabs/php-enum",
            "keywords": [
                "enum"
            ],
            "support": {
                "issues": "https://github.com/myclabs/php-enum/issues",
                "source": "https://github.com/myclabs/php-enum/tree/1.8.3"
            },
            "funding": [
                {
                    "url": "https://github.com/mnapoli",
                    "type": "github"
                },
                {
                    "url": "https://tidelift.com/funding/github/packagist/myclabs/php-enum",
                    "type": "tidelift"
                }
            ],
            "time": "2021-07-05T08:18:36+00:00"
        },
        {
            "name": "php-mqtt/client",
            "version": "v1.6.0",
            "source": {
                "type": "git",
                "url": "https://github.com/php-mqtt/client.git",
                "reference": "22a207edef01d5f0ed3a6a79565cc425b678d786"
            },
            "dist": {
                "type": "zip",
                "url": "https://api.github.com/repos/php-mqtt/client/zipball/22a207edef01d5f0ed3a6a79565cc425b678d786",
                "reference": "22a207edef01d5f0ed3a6a79565cc425b678d786",
                "shasum": "",
                "mirrors": [
                    {
                        "url": "https://mirrors.aliyun.com/composer/dists/%package%/%reference%.%type%",
                        "preferred": true
                    }
                ]
            },
            "require": {
                "myclabs/php-enum": "^1.7",
                "php": "^7.4|^8.0",
                "psr/log": "^1.1|^2.0|^3.0"
            },
            "require-dev": {
                "phpunit/php-invoker": "^3.0",
                "phpunit/phpunit": "^9.0",
                "squizlabs/php_codesniffer": "^3.5"
            },
            "suggest": {
                "ext-redis": "Required for the RedisRepository"
            },
            "type": "library",
            "autoload": {
                "psr-4": {
                    "PhpMqtt\\Client\\": "src"
                }
            },
            "notification-url": "https://packagist.org/downloads/",
            "license": [
                "MIT"
            ],
            "authors": [
                {
                    "name": "Marvin Mall",
                    "email": "marvin-mall@msn.com",
                    "role": "developer"
                }
            ],
            "description": "An MQTT client written in and for PHP.",
            "keywords": [
                "client",
                "mqtt",
                "publish",
                "subscribe"
            ],
            "support": {
                "issues": "https://github.com/php-mqtt/client/issues",
                "source": "https://github.com/php-mqtt/client/tree/v1.6.0"
            },
            "time": "2022-11-01T20:00:19+00:00"
        },
        {
            "name": "psr/log",
            "version": "1.1.4",
            "source": {
                "type": "git",
                "url": "https://github.com/php-fig/log.git",
                "reference": "d49695b909c3b7628b6289db5479a1c204601f11"
            },
            "dist": {
                "type": "zip",
                "url": "https://api.github.com/repos/php-fig/log/zipball/d49695b909c3b7628b6289db5479a1c204601f11",
                "reference": "d49695b909c3b7628b6289db5479a1c204601f11",
                "shasum": "",
                "mirrors": [
                    {
                        "url": "https://mirrors.aliyun.com/composer/dists/%package%/%reference%.%type%",
                        "preferred": true
                    }
                ]
            },
            "require": {
                "php": ">=5.3.0"
            },
            "type": "library",
            "extra": {
                "branch-alias": {
                    "dev-master": "1.1.x-dev"
                }
            },
            "autoload": {
                "psr-4": {
                    "Psr\\Log\\": "Psr/Log/"
                }
            },
            "notification-url": "https://packagist.org/downloads/",
            "license": [
                "MIT"
            ],
            "authors": [
                {
                    "name": "PHP-FIG",
                    "homepage": "https://www.php-fig.org/"
                }
            ],
            "description": "Common interface for logging libraries",
            "homepage": "https://github.com/php-fig/log",
            "keywords": [
                "log",
                "psr",
                "psr-3"
            ],
            "support": {
                "source": "https://github.com/php-fig/log/tree/1.1.4"
            },
            "time": "2021-05-03T11:20:27+00:00"
        },
        {
            "name": "simps/mqtt",
            "version": "v1.4.4",
            "source": {
                "type": "git",
                "url": "https://github.com/simps/mqtt.git",
                "reference": "7c4c2484cd59a50a6e4716545a8b6c3b65b30a90"
            },
            "dist": {
                "type": "zip",
                "url": "https://api.github.com/repos/simps/mqtt/zipball/7c4c2484cd59a50a6e4716545a8b6c3b65b30a90",
                "reference": "7c4c2484cd59a50a6e4716545a8b6c3b65b30a90",
                "shasum": "",
                "mirrors": [
                    {
                        "url": "https://mirrors.aliyun.com/composer/dists/%package%/%reference%.%type%",
                        "preferred": true
                    }
                ]
            },
            "require": {
                "ext-mbstring": "*",
                "php": ">=7.1"
            },
            "require-dev": {
                "friendsofphp/php-cs-fixer": "^3.0",
                "phpstan/phpstan": "^1.0",
                "phpunit/phpunit": "^8.5",
                "simps/mqtt-cli": "*",
                "swoole/ide-helper": ">=4.4.20"
            },
            "suggest": {
                "ext-swoole": "The ext-swoole >= v4.4.20 or v4.5.3 needs to be loaded when using the MQTT Client."
            },
            "type": "library",
            "autoload": {
                "files": [
                    "src/constants.php"
                ],
                "psr-4": {
                    "Simps\\MQTT\\": "src/"
                }
            },
            "notification-url": "https://packagist.org/downloads/",
            "license": [
                "Apache-2.0"
            ],
            "authors": [
                {
                    "name": "Lu Fei",
                    "email": "lufei@simps.io"
                }
            ],
            "description": "MQTT Protocol Analysis and Coroutine Client for PHP",
            "keywords": [
                "client",
                "coroutine",
                "mqtt",
                "mqtt3.1",
                "mqtt5.0",
                "mqtt_client",
                "mqtt_protocol",
                "php",
                "simps",
                "swoole"
            ],
            "support": {
                "issues": "https://github.com/simps/mqtt/issues",
                "source": "https://github.com/simps/mqtt/tree/v1.4.4"
            },
            "funding": [
                {
                    "url": "https://donate.qq52o.me",
                    "type": "custom"
                },
                {
                    "url": "https://github.com/simps",
                    "type": "github"
                }
            ],
            "time": "2022-08-01T00:52:05+00:00"
        },
        {
            "name": "swoole/ide-helper",
            "version": "4.8.12",
            "source": {
                "type": "git",
                "url": "https://github.com/swoole/ide-helper.git",
                "reference": "afe3a09f8c49a6011e2206a03e55e391d97d81b0"
            },
            "dist": {
                "type": "zip",
                "url": "https://api.github.com/repos/swoole/ide-helper/zipball/afe3a09f8c49a6011e2206a03e55e391d97d81b0",
                "reference": "afe3a09f8c49a6011e2206a03e55e391d97d81b0",
                "shasum": "",
                "mirrors": [
                    {
                        "url": "https://mirrors.aliyun.com/composer/dists/%package%/%reference%.%type%",
                        "preferred": true
                    }
                ]
            },
            "type": "library",
            "notification-url": "https://packagist.org/downloads/",
            "license": [
                "Apache-2.0"
            ],
            "authors": [
                {
                    "name": "Team Swoole",
                    "email": "team@swoole.com"
                }
            ],
            "description": "IDE help files for Swoole.",
            "support": {
                "issues": "https://github.com/swoole/ide-helper/issues",
                "source": "https://github.com/swoole/ide-helper/tree/4.8.12"
            },
            "funding": [
                {
                    "url": "https://gitee.com/swoole/swoole?donate=true",
                    "type": "custom"
                },
                {
                    "url": "https://github.com/swoole",
                    "type": "github"
                }
            ],
            "time": "2022-09-22T16:31:12+00:00"
        }
    ],
    "packages-dev": [],
    "aliases": [],
    "minimum-stability": "stable",
    "stability-flags": {
        "bluerhinos/phpmqtt": 20
    },
    "prefer-stable": false,
    "prefer-lowest": false,
    "platform": {
        "ext-swoole": "^4.8"
    },
    "platform-dev": [],
    "plugin-api-version": "2.1.0"
}
