
Microsoft Visual Studio Solution File, Format Version 12.00
# Visual Studio Version 16
VisualStudioVersion = 25.0.1705.6
MinimumVisualStudioVersion = 10.0.40219.1
Project("{FAE04EC0-301F-11D3-BF4B-00C04F79EFBC}") = "pub-sub-tls", "pub-sub-tls.csproj", "{9062894B-E8AE-4876-A4CC-858E30255CB0}"
EndProject
Global
	GlobalSection(SolutionConfigurationPlatforms) = preSolution
		Debug|Any CPU = Debug|Any CPU
		Release|Any CPU = Release|Any CPU
	EndGlobalSection
	GlobalSection(ProjectConfigurationPlatforms) = postSolution
		{9062894B-E8AE-4876-A4CC-858E30255CB0}.Debug|Any CPU.ActiveCfg = Debug|Any CPU
		{9062894B-E8AE-4876-A4CC-858E30255CB0}.Debug|Any CPU.Build.0 = Debug|Any CPU
		{9062894B-E8AE-4876-A4CC-858E30255CB0}.Release|Any CPU.ActiveCfg = Release|Any CPU
		{9062894B-E8AE-4876-A4CC-858E30255CB0}.Release|Any CPU.Build.0 = Release|Any CPU
	EndGlobalSection
	GlobalSection(SolutionProperties) = preSolution
		HideSolutionNode = FALSE
	EndGlobalSection
	GlobalSection(ExtensibilityGlobals) = postSolution
		SolutionGuid = {16C9415E-BBC6-40A8-A277-150B5F1DC965}
	EndGlobalSection
EndGlobal
