
Microsoft Visual Studio Solution File, Format Version 12.00
# Visual Studio Version 16
VisualStudioVersion = 16.0.810.16
MinimumVisualStudioVersion = 10.0.40219.1
Project("{FAE04EC0-301F-11D3-BF4B-00C04F79EFBC}") = "mqtt-client-Csharp-MQTTnet", "mqtt-client-Csharp-MqttNet\mqtt-client-Csharp-MqttNet.csproj", "{A13D2DF8-36BF-4608-95E8-B1226D620C03}"
EndProject
Global
	GlobalSection(SolutionConfigurationPlatforms) = preSolution
		Debug|anycpu = Debug|anycpu
		Release|anycpu = Release|anycpu
	EndGlobalSection
	GlobalSection(ProjectConfigurationPlatforms) = postSolution
		{A13D2DF8-36BF-4608-95E8-B1226D620C03}.Debug|anycpu.ActiveCfg = Debug|anycpu
		{A13D2DF8-36BF-4608-95E8-B1226D620C03}.Debug|anycpu.Build.0 = Debug|anycpu
		{A13D2DF8-36BF-4608-95E8-B1226D620C03}.Release|anycpu.ActiveCfg = Release|anycpu
		{A13D2DF8-36BF-4608-95E8-B1226D620C03}.Release|anycpu.Build.0 = Release|anycpu
	EndGlobalSection
	GlobalSection(SolutionProperties) = preSolution
		HideSolutionNode = FALSE
	EndGlobalSection
	GlobalSection(ExtensibilityGlobals) = postSolution
		SolutionGuid = {AA50D9CE-C058-48F3-99C3-9291BC0D476D}
	EndGlobalSection
	GlobalSection(MonoDevelopProperties) = preSolution
		Policies = $0
		$0.DotNetNamingPolicy = $1
		$1.DirectoryNamespaceAssociation = PrefixedHierarchical
	EndGlobalSection
EndGlobal
